
Microsoft Visual Studio Solution File, Format Version 12.00
Project("{2150E333-8FDC-42A3-9474-1A3956D46DE8}") = "src", "src", "{96E1EF28-2622-42E9-B65B-4C345B76D8C9}"
EndProject
Project("{F2A71F9B-5D33-465A-A702-920D77279786}") = "Domain", "Domain\Domain.fsproj", "{DFC04B14-8120-48FE-BAD3-743D7BCD4248}"
EndProject
Project("{F2A71F9B-5D33-465A-A702-920D77279786}") = "Domain.UnitTests", "Domain.UnitTests\Domain.UnitTests.fsproj", "{9A49B07D-01C8-4FDB-B9C6-738F26A6DC20}"
EndProject
Project("{F2A71F9B-5D33-465A-A702-920D77279786}") = "Application", "Application\Application.fsproj", "{A663E99B-6E6E-4375-8155-4FC497C653D3}"
EndProject
Project("{F2A71F9B-5D33-465A-A702-920D77279786}") = "Api", "Api\Api.fsproj", "{A410281C-1FAF-4162-A229-FC90425EEC93}"
EndProject
Global
	GlobalSection(SolutionConfigurationPlatforms) = preSolution
		Debug|Any CPU = Debug|Any CPU
		Release|Any CPU = Release|Any CPU
	EndGlobalSection
	GlobalSection(ProjectConfigurationPlatforms) = postSolution
		{DFC04B14-8120-48FE-BAD3-743D7BCD4248}.Debug|Any CPU.ActiveCfg = Debug|Any CPU
		{DFC04B14-8120-48FE-BAD3-743D7BCD4248}.Debug|Any CPU.Build.0 = Debug|Any CPU
		{DFC04B14-8120-48FE-BAD3-743D7BCD4248}.Release|Any CPU.ActiveCfg = Release|Any CPU
		{DFC04B14-8120-48FE-BAD3-743D7BCD4248}.Release|Any CPU.Build.0 = Release|Any CPU
		{9A49B07D-01C8-4FDB-B9C6-738F26A6DC20}.Debug|Any CPU.ActiveCfg = Debug|Any CPU
		{9A49B07D-01C8-4FDB-B9C6-738F26A6DC20}.Debug|Any CPU.Build.0 = Debug|Any CPU
		{9A49B07D-01C8-4FDB-B9C6-738F26A6DC20}.Release|Any CPU.ActiveCfg = Release|Any CPU
		{9A49B07D-01C8-4FDB-B9C6-738F26A6DC20}.Release|Any CPU.Build.0 = Release|Any CPU
		{A663E99B-6E6E-4375-8155-4FC497C653D3}.Debug|Any CPU.ActiveCfg = Debug|Any CPU
		{A663E99B-6E6E-4375-8155-4FC497C653D3}.Debug|Any CPU.Build.0 = Debug|Any CPU
		{A663E99B-6E6E-4375-8155-4FC497C653D3}.Release|Any CPU.ActiveCfg = Release|Any CPU
		{A663E99B-6E6E-4375-8155-4FC497C653D3}.Release|Any CPU.Build.0 = Release|Any CPU
		{A410281C-1FAF-4162-A229-FC90425EEC93}.Debug|Any CPU.ActiveCfg = Debug|Any CPU
		{A410281C-1FAF-4162-A229-FC90425EEC93}.Debug|Any CPU.Build.0 = Debug|Any CPU
		{A410281C-1FAF-4162-A229-FC90425EEC93}.Release|Any CPU.ActiveCfg = Release|Any CPU
		{A410281C-1FAF-4162-A229-FC90425EEC93}.Release|Any CPU.Build.0 = Release|Any CPU
	EndGlobalSection
	GlobalSection(NestedProjects) = preSolution
		{DFC04B14-8120-48FE-BAD3-743D7BCD4248} = {96E1EF28-2622-42E9-B65B-4C345B76D8C9}
		{9A49B07D-01C8-4FDB-B9C6-738F26A6DC20} = {96E1EF28-2622-42E9-B65B-4C345B76D8C9}
		{A663E99B-6E6E-4375-8155-4FC497C653D3} = {96E1EF28-2622-42E9-B65B-4C345B76D8C9}
		{A410281C-1FAF-4162-A229-FC90425EEC93} = {96E1EF28-2622-42E9-B65B-4C345B76D8C9}
	EndGlobalSection
EndGlobal
